
Microsoft Visual Studio Solution File, Format Version 12.00
# Visual Studio Version 17
VisualStudioVersion = 17.5.33414.496
MinimumVisualStudioVersion = 10.0.40219.1
Project("{FAE04EC0-301F-11D3-BF4B-00C04F79EFBC}") = "PostmanScheduleRunSampleAPI", "PostmanScheduleRunSampleAPI.csproj", "{55C39160-C513-4326-BDE8-EF0BAEA0F6F5}"
EndProject
Global
	GlobalSection(SolutionConfigurationPlatforms) = preSolution
		Debug|Any CPU = Debug|Any CPU
		Release|Any CPU = Release|Any CPU
	EndGlobalSection
	GlobalSection(ProjectConfigurationPlatforms) = postSolution
		{55C39160-C513-4326-BDE8-EF0BAEA0F6F5}.Debug|Any CPU.ActiveCfg = Debug|Any CPU
		{55C39160-C513-4326-BDE8-EF0BAEA0F6F5}.Debug|Any CPU.Build.0 = Debug|Any CPU
		{55C39160-C513-4326-BDE8-EF0BAEA0F6F5}.Release|Any CPU.ActiveCfg = Release|Any CPU
		{55C39160-C513-4326-BDE8-EF0BAEA0F6F5}.Release|Any CPU.Build.0 = Release|Any CPU
	EndGlobalSection
	GlobalSection(SolutionProperties) = preSolution
		HideSolutionNode = FALSE
	EndGlobalSection
	GlobalSection(ExtensibilityGlobals) = postSolution
		SolutionGuid = {319CB493-2C69-44DD-99A7-9CAEE195F9CF}
	EndGlobalSection
EndGlobal
